
Microsoft Visual Studio Solution File, Format Version 12.00
# Visual Studio Version 17
VisualStudioVersion = 17.4.33213.308
MinimumVisualStudioVersion = 10.0.40219.1
Project("{FAE04EC0-301F-11D3-BF4B-00C04F79EFBC}") = "Dendrite", "Dendrite\Dendrite.csproj", "{1BA2D9AF-71AA-444A-AA26-8964AD6592E2}"
EndProject
Global
	GlobalSection(SolutionConfigurationPlatforms) = preSolution
		Debug|Any CPU = Debug|Any CPU
		Release|Any CPU = Release|Any CPU
	EndGlobalSection
	GlobalSection(ProjectConfigurationPlatforms) = postSolution
		{1BA2D9AF-71AA-444A-AA26-8964AD6592E2}.Debug|Any CPU.ActiveCfg = Debug|Any CPU
		{1BA2D9AF-71AA-444A-AA26-8964AD6592E2}.Debug|Any CPU.Build.0 = Debug|Any CPU
		{1BA2D9AF-71AA-444A-AA26-8964AD6592E2}.Release|Any CPU.ActiveCfg = Release|Any CPU
		{1BA2D9AF-71AA-444A-AA26-8964AD6592E2}.Release|Any CPU.Build.0 = Release|Any CPU
	EndGlobalSection
	GlobalSection(SolutionProperties) = preSolution
		HideSolutionNode = FALSE
	EndGlobalSection
	GlobalSection(ExtensibilityGlobals) = postSolution
		SolutionGuid = {1CD1E72F-323C-4039-8FBA-F905E2EAD8EC}
	EndGlobalSection
EndGlobal
